// !$*UTF8*$!
{
	archiveVersion = 1;
	classes = {
	};
	objectVersion = 50;
	objects = {

/* Begin PBXBuildFile section */
		42B40E7420B358B300447968 /* AppDelegate.swift in Sources */ = {isa = PBXBuildFile; fileRef = 42B40E7320B358B300447968 /* AppDelegate.swift */; };
		42B40E7620B358B300447968 /* ViewController.swift in Sources */ = {isa = PBXBuildFile; fileRef = 42B40E7520B358B300447968 /* ViewController.swift */; };
		42B40E7920B358B300447968 /* Main.storyboard in Resources */ = {isa = PBXBuildFile; fileRef = 42B40E7720B358B300447968 /* Main.storyboard */; };
		42B40E7B20B358B400447968 /* Assets.xcassets in Resources */ = {isa = PBXBuildFile; fileRef = 42B40E7A20B358B400447968 /* Assets.xcassets */; };
		42B40E7E20B358B400447968 /* LaunchScreen.storyboard in Resources */ = {isa = PBXBuildFile; fileRef = 42B40E7C20B358B400447968 /* LaunchScreen.storyboard */; };
		42B40E8920B358B400447968 /* Custom_UILabel_with_insetsTests.swift in Sources */ = {isa = PBXBuildFile; fileRef = 42B40E8820B358B400447968 /* Custom_UILabel_with_insetsTests.swift */; };
		42B40E9420B358B400447968 /* Custom_UILabel_with_insetsUITests.swift in Sources */ = {isa = PBXBuildFile; fileRef = 42B40E9320B358B400447968 /* Custom_UILabel_with_insetsUITests.swift */; };
		42B40EA220B358DC00447968 /* CustomLabel.swift in Sources */ = {isa = PBXBuildFile; fileRef = 42B40EA120B358DC00447968 /* CustomLabel.swift */; };
/* End PBXBuildFile section */

/* Begin PBXContainerItemProxy section */
		42B40E8520B358B400447968 /* PBXContainerItemProxy */ = {
			isa = PBXContainerItemProxy;
			containerPortal = 42B40E6820B358B300447968 /* Project object */;
			proxyType = 1;
			remoteGlobalIDString = 42B40E6F20B358B300447968;
			remoteInfo = "Custom UILabel with insets";
		};
		42B40E9020B358B400447968 /* PBXContainerItemProxy */ = {
			isa = PBXContainerItemProxy;
			containerPortal = 42B40E6820B358B300447968 /* Project object */;
			proxyType = 1;
			remoteGlobalIDString = 42B40E6F20B358B300447968;
			remoteInfo = "Custom UILabel with insets";
		};
/* End PBXContainerItemProxy section */

/* Begin PBXFileReference section */
		42B40E7020B358B300447968 /* Custom UILabel with insets.app */ = {isa = PBXFileReference; explicitFileType = wrapper.application; includeInIndex = 0; path = "Custom UILabel with insets.app"; sourceTree = BUILT_PRODUCTS_DIR; };
		42B40E7320B358B300447968 /* AppDelegate.swift */ = {isa = PBXFileReference; lastKnownFileType = sourcecode.swift; path = AppDelegate.swift; sourceTree = "<group>"; };
		42B40E7520B358B300447968 /* ViewController.swift */ = {isa = PBXFileReference; lastKnownFileType = sourcecode.swift; path = ViewController.swift; sourceTree = "<group>"; };
		42B40E7820B358B300447968 /* Base */ = {isa = PBXFileReference; lastKnownFileType = file.storyboard; name = Base; path = Base.lproj/Main.storyboard; sourceTree = "<group>"; };
		42B40E7A20B358B400447968 /* Assets.xcassets */ = {isa = PBXFileReference; lastKnownFileType = folder.assetcatalog; path = Assets.xcassets; sourceTree = "<group>"; };
		42B40E7D20B358B400447968 /* Base */ = {isa = PBXFileReference; lastKnownFileType = file.storyboard; name = Base; path = Base.lproj/LaunchScreen.storyboard; sourceTree = "<group>"; };
		42B40E7F20B358B400447968 /* Info.plist */ = {isa = PBXFileReference; lastKnownFileType = text.plist.xml; path = Info.plist; sourceTree = "<group>"; };
		42B40E8420B358B400447968 /* Custom UILabel with insetsTests.xctest */ = {isa = PBXFileReference; explicitFileType = wrapper.cfbundle; includeInIndex = 0; path = "Custom UILabel with insetsTests.xctest"; sourceTree = BUILT_PRODUCTS_DIR; };
		42B40E8820B358B400447968 /* Custom_UILabel_with_insetsTests.swift */ = {isa = PBXFileReference; lastKnownFileType = sourcecode.swift; path = Custom_UILabel_with_insetsTests.swift; sourceTree = "<group>"; };
		42B40E8A20B358B400447968 /* Info.plist */ = {isa = PBXFileReference; lastKnownFileType = text.plist.xml; path = Info.plist; sourceTree = "<group>"; };
		42B40E8F20B358B400447968 /* Custom UILabel with insetsUITests.xctest */ = {isa = PBXFileReference; explicitFileType = wrapper.cfbundle; includeInIndex = 0; path = "Custom UILabel with insetsUITests.xctest"; sourceTree = BUILT_PRODUCTS_DIR; };
		42B40E9320B358B400447968 /* Custom_UILabel_with_insetsUITests.swift */ = {isa = PBXFileReference; lastKnownFileType = sourcecode.swift; path = Custom_UILabel_with_insetsUITests.swift; sourceTree = "<group>"; };
		42B40E9520B358B400447968 /* Info.plist */ = {isa = PBXFileReference; lastKnownFileType = text.plist.xml; path = Info.plist; sourceTree = "<group>"; };
		42B40EA120B358DC00447968 /* CustomLabel.swift */ = {isa = PBXFileReference; lastKnownFileType = sourcecode.swift; path = CustomLabel.swift; sourceTree = "<group>"; };
/* End PBXFileReference section */

/* Begin PBXFrameworksBuildPhase section */
		42B40E6D20B358B300447968 /* Frameworks */ = {
			isa = PBXFrameworksBuildPhase;
			buildActionMask = 2147483647;
			files = (
			);
			runOnlyForDeploymentPostprocessing = 0;
		};
		42B40E8120B358B400447968 /* Frameworks */ = {
			isa = PBXFrameworksBuildPhase;
			buildActionMask = 2147483647;
			files = (
			);
			runOnlyForDeploymentPostprocessing = 0;
		};
		42B40E8C20B358B400447968 /* Frameworks */ = {
			isa = PBXFrameworksBuildPhase;
			buildActionMask = 2147483647;
			files = (
			);
			runOnlyForDeploymentPostprocessing = 0;
		};
/* End PBXFrameworksBuildPhase section */

/* Begin PBXGroup section */
		42B40E6720B358B300447968 = {
			isa = PBXGroup;
			children = (
				42B40E7220B358B300447968 /* Custom UILabel with insets */,
				42B40E8720B358B400447968 /* Custom UILabel with insetsTests */,
				42B40E9220B358B400447968 /* Custom UILabel with insetsUITests */,
				42B40E7120B358B300447968 /* Products */,
			);
			sourceTree = "<group>";
		};
		42B40E7120B358B300447968 /* Products */ = {
			isa = PBXGroup;
			children = (
				42B40E7020B358B300447968 /* Custom UILabel with insets.app */,
				42B40E8420B358B400447968 /* Custom UILabel with insetsTests.xctest */,
				42B40E8F20B358B400447968 /* Custom UILabel with insetsUITests.xctest */,
			);
			name = Products;
			sourceTree = "<group>";
		};
		42B40E7220B358B300447968 /* Custom UILabel with insets */ = {
			isa = PBXGroup;
			children = (
				42B40E7320B358B300447968 /* AppDelegate.swift */,
				42B40EA120B358DC00447968 /* CustomLabel.swift */,
				42B40E7520B358B300447968 /* ViewController.swift */,
				42B40E7720B358B300447968 /* Main.storyboard */,
				42B40E7A20B358B400447968 /* Assets.xcassets */,
				42B40E7C20B358B400447968 /* LaunchScreen.storyboard */,
				42B40E7F20B358B400447968 /* Info.plist */,
			);
			path = "Custom UILabel with insets";
			sourceTree = "<group>";
		};
		42B40E8720B358B400447968 /* Custom UILabel with insetsTests */ = {
			isa = PBXGroup;
			children = (
				42B40E8820B358B400447968 /* Custom_UILabel_with_insetsTests.swift */,
				42B40E8A20B358B400447968 /* Info.plist */,
			);
			path = "Custom UILabel with insetsTests";
			sourceTree = "<group>";
		};
		42B40E9220B358B400447968 /* Custom UILabel with insetsUITests */ = {
			isa = PBXGroup;
			children = (
				42B40E9320B358B400447968 /* Custom_UILabel_with_insetsUITests.swift */,
				42B40E9520B358B400447968 /* Info.plist */,
			);
			path = "Custom UILabel with insetsUITests";
			sourceTree = "<group>";
		};
/* End PBXGroup section */

/* Begin PBXNativeTarget section */
		42B40E6F20B358B300447968 /* Custom UILabel with insets */ = {
			isa = PBXNativeTarget;
			buildConfigurationList = 42B40E9820B358B400447968 /* Build configuration list for PBXNativeTarget "Custom UILabel with insets" */;
			buildPhases = (
				42B40E6C20B358B300447968 /* Sources */,
				42B40E6D20B358B300447968 /* Frameworks */,
				42B40E6E20B358B300447968 /* Resources */,
			);
			buildRules = (
			);
			dependencies = (
			);
			name = "Custom UILabel with insets";
			productName = "Custom UILabel with insets";
			productReference = 42B40E7020B358B300447968 /* Custom UILabel with insets.app */;
			productType = "com.apple.product-type.application";
		};
		42B40E8320B358B400447968 /* Custom UILabel with insetsTests */ = {
			isa = PBXNativeTarget;
			buildConfigurationList = 42B40E9B20B358B400447968 /* Build configuration list for PBXNativeTarget "Custom UILabel with insetsTests" */;
			buildPhases = (
				42B40E8020B358B400447968 /* Sources */,
				42B40E8120B358B400447968 /* Frameworks */,
				42B40E8220B358B400447968 /* Resources */,
			);
			buildRules = (
			);
			dependencies = (
				42B40E8620B358B400447968 /* PBXTargetDependency */,
			);
			name = "Custom UILabel with insetsTests";
			productName = "Custom UILabel with insetsTests";
			productReference = 42B40E8420B358B400447968 /* Custom UILabel with insetsTests.xctest */;
			productType = "com.apple.product-type.bundle.unit-test";
		};
		42B40E8E20B358B400447968 /* Custom UILabel with insetsUITests */ = {
			isa = PBXNativeTarget;
			buildConfigurationList = 42B40E9E20B358B400447968 /* Build configuration list for PBXNativeTarget "Custom UILabel with insetsUITests" */;
			buildPhases = (
				42B40E8B20B358B400447968 /* Sources */,
				42B40E8C20B358B400447968 /* Frameworks */,
				42B40E8D20B358B400447968 /* Resources */,
			);
			buildRules = (
			);
			dependencies = (
				42B40E9120B358B400447968 /* PBXTargetDependency */,
			);
			name = "Custom UILabel with insetsUITests";
			productName = "Custom UILabel with insetsUITests";
			productReference = 42B40E8F20B358B400447968 /* Custom UILabel with insetsUITests.xctest */;
			productType = "com.apple.product-type.bundle.ui-testing";
		};
/* End PBXNativeTarget section */

/* Begin PBXProject section */
		42B40E6820B358B300447968 /* Project object */ = {
			isa = PBXProject;
			attributes = {
				LastSwiftUpdateCheck = 0930;
				LastUpgradeCheck = 0930;
				ORGANIZATIONNAME = "Marco Falanga";
				TargetAttributes = {
					42B40E6F20B358B300447968 = {
						CreatedOnToolsVersion = 9.3;
					};
					42B40E8320B358B400447968 = {
						CreatedOnToolsVersion = 9.3;
						TestTargetID = 42B40E6F20B358B300447968;
					};
					42B40E8E20B358B400447968 = {
						CreatedOnToolsVersion = 9.3;
						TestTargetID = 42B40E6F20B358B300447968;
					};
				};
			};
			buildConfigurationList = 42B40E6B20B358B300447968 /* Build configuration list for PBXProject "Custom UILabel with insets" */;
			compatibilityVersion = "Xcode 9.3";
			developmentRegion = en;
			hasScannedForEncodings = 0;
			knownRegions = (
				en,
				Base,
			);
			mainGroup = 42B40E6720B358B300447968;
			productRefGroup = 42B40E7120B358B300447968 /* Products */;
			projectDirPath = "";
			projectRoot = "";
			targets = (
				42B40E6F20B358B300447968 /* Custom UILabel with insets */,
				42B40E8320B358B400447968 /* Custom UILabel with insetsTests */,
				42B40E8E20B358B400447968 /* Custom UILabel with insetsUITests */,
			);
		};
/* End PBXProject section */

/* Begin PBXResourcesBuildPhase section */
		42B40E6E20B358B300447968 /* Resources */ = {
			isa = PBXResourcesBuildPhase;
			buildActionMask = 2147483647;
			files = (
				42B40E7E20B358B400447968 /* LaunchScreen.storyboard in Resources */,
				42B40E7B20B358B400447968 /* Assets.xcassets in Resources */,
				42B40E7920B358B300447968 /* Main.storyboard in Resources */,
			);
			runOnlyForDeploymentPostprocessing = 0;
		};
		42B40E8220B358B400447968 /* Resources */ = {
			isa = PBXResourcesBuildPhase;
			buildActionMask = 2147483647;
			files = (
			);
			runOnlyForDeploymentPostprocessing = 0;
		};
		42B40E8D20B358B400447968 /* Resources */ = {
			isa = PBXResourcesBuildPhase;
			buildActionMask = 2147483647;
			files = (
			);
			runOnlyForDeploymentPostprocessing = 0;
		};
/* End PBXResourcesBuildPhase section */

/* Begin PBXSourcesBuildPhase section */
		42B40E6C20B358B300447968 /* Sources */ = {
			isa = PBXSourcesBuildPhase;
			buildActionMask = 2147483647;
			files = (
				42B40E7620B358B300447968 /* ViewController.swift in Sources */,
				42B40EA220B358DC00447968 /* CustomLabel.swift in Sources */,
				42B40E7420B358B300447968 /* AppDelegate.swift in Sources */,
			);
			runOnlyForDeploymentPostprocessing = 0;
		};
		42B40E8020B358B400447968 /* Sources */ = {
			isa = PBXSourcesBuildPhase;
			buildActionMask = 2147483647;
			files = (
				42B40E8920B358B400447968 /* Custom_UILabel_with_insetsTests.swift in Sources */,
			);
			runOnlyForDeploymentPostprocessing = 0;
		};
		42B40E8B20B358B400447968 /* Sources */ = {
			isa = PBXSourcesBuildPhase;
			buildActionMask = 2147483647;
			files = (
				42B40E9420B358B400447968 /* Custom_UILabel_with_insetsUITests.swift in Sources */,
			);
			runOnlyForDeploymentPostprocessing = 0;
		};
/* End PBXSourcesBuildPhase section */

/* Begin PBXTargetDependency section */
		42B40E8620B358B400447968 /* PBXTargetDependency */ = {
			isa = PBXTargetDependency;
			target = 42B40E6F20B358B300447968 /* Custom UILabel with insets */;
			targetProxy = 42B40E8520B358B400447968 /* PBXContainerItemProxy */;
		};
		42B40E9120B358B400447968 /* PBXTargetDependency */ = {
			isa = PBXTargetDependency;
			target = 42B40E6F20B358B300447968 /* Custom UILabel with insets */;
			targetProxy = 42B40E9020B358B400447968 /* PBXContainerItemProxy */;
		};
/* End PBXTargetDependency section */

/* Begin PBXVariantGroup section */
		42B40E7720B358B300447968 /* Main.storyboard */ = {
			isa = PBXVariantGroup;
			children = (
				42B40E7820B358B300447968 /* Base */,
			);
			name = Main.storyboard;
			sourceTree = "<group>";
		};
		42B40E7C20B358B400447968 /* LaunchScreen.storyboard */ = {
			isa = PBXVariantGroup;
			children = (
				42B40E7D20B358B400447968 /* Base */,
			);
			name = LaunchScreen.storyboard;
			sourceTree = "<group>";
		};
/* End PBXVariantGroup section */

/* Begin XCBuildConfiguration section */
		42B40E9620B358B400447968 /* Debug */ = {
			isa = XCBuildConfiguration;
			buildSettings = {
				ALWAYS_SEARCH_USER_PATHS = NO;
				CLANG_ANALYZER_NONNULL = YES;
				CLANG_ANALYZER_NUMBER_OBJECT_CONVERSION = YES_AGGRESSIVE;
				CLANG_CXX_LANGUAGE_STANDARD = "gnu++14";
				CLANG_CXX_LIBRARY = "libc++";
				CLANG_ENABLE_MODULES = YES;
				CLANG_ENABLE_OBJC_ARC = YES;
				CLANG_ENABLE_OBJC_WEAK = YES;
				CLANG_WARN_BLOCK_CAPTURE_AUTORELEASING = YES;
				CLANG_WARN_BOOL_CONVERSION = YES;
				CLANG_WARN_COMMA = YES;
				CLANG_WARN_CONSTANT_CONVERSION = YES;
				CLANG_WARN_DEPRECATED_OBJC_IMPLEMENTATIONS = YES;
				CLANG_WARN_DIRECT_OBJC_ISA_USAGE = YES_ERROR;
				CLANG_WARN_DOCUMENTATION_COMMENTS = YES;
				CLANG_WARN_EMPTY_BODY = YES;
				CLANG_WARN_ENUM_CONVERSION = YES;
				CLANG_WARN_INFINITE_RECURSION = YES;
				CLANG_WARN_INT_CONVERSION = YES;
				CLANG_WARN_NON_LITERAL_NULL_CONVERSION = YES;
				CLANG_WARN_OBJC_IMPLICIT_RETAIN_SELF = YES;
				CLANG_WARN_OBJC_LITERAL_CONVERSION = YES;
				CLANG_WARN_OBJC_ROOT_CLASS = YES_ERROR;
				CLANG_WARN_RANGE_LOOP_ANALYSIS = YES;
				CLANG_WARN_STRICT_PROTOTYPES = YES;
				CLANG_WARN_SUSPICIOUS_MOVE = YES;
				CLANG_WARN_UNGUARDED_AVAILABILITY = YES_AGGRESSIVE;
				CLANG_WARN_UNREACHABLE_CODE = YES;
				CLANG_WARN__DUPLICATE_METHOD_MATCH = YES;
				CODE_SIGN_IDENTITY = "iPhone Developer";
				COPY_PHASE_STRIP = NO;
				DEBUG_INFORMATION_FORMAT = dwarf;
				ENABLE_STRICT_OBJC_MSGSEND = YES;
				ENABLE_TESTABILITY = YES;
				GCC_C_LANGUAGE_STANDARD = gnu11;
				GCC_DYNAMIC_NO_PIC = NO;
				GCC_NO_COMMON_BLOCKS = YES;
				GCC_OPTIMIZATION_LEVEL = 0;
				GCC_PREPROCESSOR_DEFINITIONS = (
					"DEBUG=1",
					"$(inherited)",
				);
				GCC_WARN_64_TO_32_BIT_CONVERSION = YES;
				GCC_WARN_ABOUT_RETURN_TYPE = YES_ERROR;
				GCC_WARN_UNDECLARED_SELECTOR = YES;
				GCC_WARN_UNINITIALIZED_AUTOS = YES_AGGRESSIVE;
				GCC_WARN_UNUSED_FUNCTION = YES;
				GCC_WARN_UNUSED_VARIABLE = YES;
				IPHONEOS_DEPLOYMENT_TARGET = 11.3;
				MTL_ENABLE_DEBUG_INFO = YES;
				ONLY_ACTIVE_ARCH = YES;
				SDKROOT = iphoneos;
				SWIFT_ACTIVE_COMPILATION_CONDITIONS = DEBUG;
				SWIFT_OPTIMIZATION_LEVEL = "-Onone";
			};
			name = Debug;
		};
		42B40E9720B358B400447968 /* Release */ = {
			isa = XCBuildConfiguration;
			buildSettings = {
				ALWAYS_SEARCH_USER_PATHS = NO;
				CLANG_ANALYZER_NONNULL = YES;
				CLANG_ANALYZER_NUMBER_OBJECT_CONVERSION = YES_AGGRESSIVE;
				CLANG_CXX_LANGUAGE_STANDARD = "gnu++14";
				CLANG_CXX_LIBRARY = "libc++";
				CLANG_ENABLE_MODULES = YES;
				CLANG_ENABLE_OBJC_ARC = YES;
				CLANG_ENABLE_OBJC_WEAK = YES;
				CLANG_WARN_BLOCK_CAPTURE_AUTORELEASING = YES;
				CLANG_WARN_BOOL_CONVERSION = YES;
				CLANG_WARN_COMMA = YES;
				CLANG_WARN_CONSTANT_CONVERSION = YES;
				CLANG_WARN_DEPRECATED_OBJC_IMPLEMENTATIONS = YES;
				CLANG_WARN_DIRECT_OBJC_ISA_USAGE = YES_ERROR;
				CLANG_WARN_DOCUMENTATION_COMMENTS = YES;
				CLANG_WARN_EMPTY_BODY = YES;
				CLANG_WARN_ENUM_CONVERSION = YES;
				CLANG_WARN_INFINITE_RECURSION = YES;
				CLANG_WARN_INT_CONVERSION = YES;
				CLANG_WARN_NON_LITERAL_NULL_CONVERSION = YES;
				CLANG_WARN_OBJC_IMPLICIT_RETAIN_SELF = YES;
				CLANG_WARN_OBJC_LITERAL_CONVERSION = YES;
				CLANG_WARN_OBJC_ROOT_CLASS = YES_ERROR;
				CLANG_WARN_RANGE_LOOP_ANALYSIS = YES;
				CLANG_WARN_STRICT_PROTOTYPES = YES;
				CLANG_WARN_SUSPICIOUS_MOVE = YES;
				CLANG_WARN_UNGUARDED_AVAILABILITY = YES_AGGRESSIVE;
				CLANG_WARN_UNREACHABLE_CODE = YES;
				CLANG_WARN__DUPLICATE_METHOD_MATCH = YES;
				CODE_SIGN_IDENTITY = "iPhone Developer";
				COPY_PHASE_STRIP = NO;
				DEBUG_INFORMATION_FORMAT = "dwarf-with-dsym";
				ENABLE_NS_ASSERTIONS = NO;
				ENABLE_STRICT_OBJC_MSGSEND = YES;
				GCC_C_LANGUAGE_STANDARD = gnu11;
				GCC_NO_COMMON_BLOCKS = YES;
				GCC_WARN_64_TO_32_BIT_CONVERSION = YES;
				GCC_WARN_ABOUT_RETURN_TYPE = YES_ERROR;
				GCC_WARN_UNDECLARED_SELECTOR = YES;
				GCC_WARN_UNINITIALIZED_AUTOS = YES_AGGRESSIVE;
				GCC_WARN_UNUSED_FUNCTION = YES;
				GCC_WARN_UNUSED_VARIABLE = YES;
				IPHONEOS_DEPLOYMENT_TARGET = 11.3;
				MTL_ENABLE_DEBUG_INFO = NO;
				SDKROOT = iphoneos;
				SWIFT_COMPILATION_MODE = wholemodule;
				SWIFT_OPTIMIZATION_LEVEL = "-O";
				VALIDATE_PRODUCT = YES;
			};
			name = Release;
		};
		42B40E9920B358B400447968 /* Debug */ = {
			isa = XCBuildConfiguration;
			buildSettings = {
				ASSETCATALOG_COMPILER_APPICON_NAME = AppIcon;
				CODE_SIGN_STYLE = Automatic;
				DEVELOPMENT_TEAM = L4CBTPH6UD;
				INFOPLIST_FILE = "Custom UILabel with insets/Info.plist";
				LD_RUNPATH_SEARCH_PATHS = (
					"$(inherited)",
					"@executable_path/Frameworks",
				);
				PRODUCT_BUNDLE_IDENTIFIER = "com.mrcfal.Custom-UILabel-with-insets";
				PRODUCT_NAME = "$(TARGET_NAME)";
				SWIFT_VERSION = 4.0;
				TARGETED_DEVICE_FAMILY = "1,2";
			};
			name = Debug;
		};
		42B40E9A20B358B400447968 /* Release */ = {
			isa = XCBuildConfiguration;
			buildSettings = {
				ASSETCATALOG_COMPILER_APPICON_NAME = AppIcon;
				CODE_SIGN_STYLE = Automatic;
				DEVELOPMENT_TEAM = L4CBTPH6UD;
				INFOPLIST_FILE = "Custom UILabel with insets/Info.plist";
				LD_RUNPATH_SEARCH_PATHS = (
					"$(inherited)",
					"@executable_path/Frameworks",
				);
				PRODUCT_BUNDLE_IDENTIFIER = "com.mrcfal.Custom-UILabel-with-insets";
				PRODUCT_NAME = "$(TARGET_NAME)";
				SWIFT_VERSION = 4.0;
				TARGETED_DEVICE_FAMILY = "1,2";
			};
			name = Release;
		};
		42B40E9C20B358B400447968 /* Debug */ = {
			isa = XCBuildConfiguration;
			buildSettings = {
				ALWAYS_EMBED_SWIFT_STANDARD_LIBRARIES = YES;
				BUNDLE_LOADER = "$(TEST_HOST)";
				CODE_SIGN_STYLE = Automatic;
				DEVELOPMENT_TEAM = L4CBTPH6UD;
				INFOPLIST_FILE = "Custom UILabel with insetsTests/Info.plist";
				LD_RUNPATH_SEARCH_PATHS = (
					"$(inherited)",
					"@executable_path/Frameworks",
					"@loader_path/Frameworks",
				);
				PRODUCT_BUNDLE_IDENTIFIER = "com.mrcfal.Custom-UILabel-with-insetsTests";
				PRODUCT_NAME = "$(TARGET_NAME)";
				SWIFT_VERSION = 4.0;
				TARGETED_DEVICE_FAMILY = "1,2";
				TEST_HOST = "$(BUILT_PRODUCTS_DIR)/Custom UILabel with insets.app/Custom UILabel with insets";
			};
			name = Debug;
		};
		42B40E9D20B358B400447968 /* Release */ = {
			isa = XCBuildConfiguration;
			buildSettings = {
				ALWAYS_EMBED_SWIFT_STANDARD_LIBRARIES = YES;
				BUNDLE_LOADER = "$(TEST_HOST)";
				CODE_SIGN_STYLE = Automatic;
				DEVELOPMENT_TEAM = L4CBTPH6UD;
				INFOPLIST_FILE = "Custom UILabel with insetsTests/Info.plist";
				LD_RUNPATH_SEARCH_PATHS = (
					"$(inherited)",
					"@executable_path/Frameworks",
					"@loader_path/Frameworks",
				);
				PRODUCT_BUNDLE_IDENTIFIER = "com.mrcfal.Custom-UILabel-with-insetsTests";
				PRODUCT_NAME = "$(TARGET_NAME)";
				SWIFT_VERSION = 4.0;
				TARGETED_DEVICE_FAMILY = "1,2";
				TEST_HOST = "$(BUILT_PRODUCTS_DIR)/Custom UILabel with insets.app/Custom UILabel with insets";
			};
			name = Release;
		};
		42B40E9F20B358B400447968 /* Debug */ = {
			isa = XCBuildConfiguration;
			buildSettings = {
				ALWAYS_EMBED_SWIFT_STANDARD_LIBRARIES = YES;
				CODE_SIGN_STYLE = Automatic;
				DEVELOPMENT_TEAM = L4CBTPH6UD;
				INFOPLIST_FILE = "Custom UILabel with insetsUITests/Info.plist";
				LD_RUNPATH_SEARCH_PATHS = (
					"$(inherited)",
					"@executable_path/Frameworks",
					"@loader_path/Frameworks",
				);
				PRODUCT_BUNDLE_IDENTIFIER = "com.mrcfal.Custom-UILabel-with-insetsUITests";
				PRODUCT_NAME = "$(TARGET_NAME)";
				SWIFT_VERSION = 4.0;
				TARGETED_DEVICE_FAMILY = "1,2";
				TEST_TARGET_NAME = "Custom UILabel with insets";
			};
			name = Debug;
		};
		42B40EA020B358B400447968 /* Release */ = {
			isa = XCBuildConfiguration;
			buildSettings = {
				ALWAYS_EMBED_SWIFT_STANDARD_LIBRARIES = YES;
				CODE_SIGN_STYLE = Automatic;
				DEVELOPMENT_TEAM = L4CBTPH6UD;
				INFOPLIST_FILE = "Custom UILabel with insetsUITests/Info.plist";
				LD_RUNPATH_SEARCH_PATHS = (
					"$(inherited)",
					"@executable_path/Frameworks",
					"@loader_path/Frameworks",
				);
				PRODUCT_BUNDLE_IDENTIFIER = "com.mrcfal.Custom-UILabel-with-insetsUITests";
				PRODUCT_NAME = "$(TARGET_NAME)";
				SWIFT_VERSION = 4.0;
				TARGETED_DEVICE_FAMILY = "1,2";
				TEST_TARGET_NAME = "Custom UILabel with insets";
			};
			name = Release;
		};
/* End XCBuildConfiguration section */

/* Begin XCConfigurationList section */
		42B40E6B20B358B300447968 /* Build configuration list for PBXProject "Custom UILabel with insets" */ = {
			isa = XCConfigurationList;
			buildConfigurations = (
				42B40E9620B358B400447968 /* Debug */,
				42B40E9720B358B400447968 /* Release */,
			);
			defaultConfigurationIsVisible = 0;
			defaultConfigurationName = Release;
		};
		42B40E9820B358B400447968 /* Build configuration list for PBXNativeTarget "Custom UILabel with insets" */ = {
			isa = XCConfigurationList;
			buildConfigurations = (
				42B40E9920B358B400447968 /* Debug */,
				42B40E9A20B358B400447968 /* Release */,
			);
			defaultConfigurationIsVisible = 0;
			defaultConfigurationName = Release;
		};
		42B40E9B20B358B400447968 /* Build configuration list for PBXNativeTarget "Custom UILabel with insetsTests" */ = {
			isa = XCConfigurationList;
			buildConfigurations = (
				42B40E9C20B358B400447968 /* Debug */,
				42B40E9D20B358B400447968 /* Release */,
			);
			defaultConfigurationIsVisible = 0;
			defaultConfigurationName = Release;
		};
		42B40E9E20B358B400447968 /* Build configuration list for PBXNativeTarget "Custom UILabel with insetsUITests" */ = {
			isa = XCConfigurationList;
			buildConfigurations = (
				42B40E9F20B358B400447968 /* Debug */,
				42B40EA020B358B400447968 /* Release */,
			);
			defaultConfigurationIsVisible = 0;
			defaultConfigurationName = Release;
		};
/* End XCConfigurationList section */
	};
	rootObject = 42B40E6820B358B300447968 /* Project object */;
}
